
Microsoft Visual Studio Solution File, Format Version 12.00
# Visual Studio Version 17
VisualStudioVersion = 17.9.34607.119
MinimumVisualStudioVersion = 10.0.40219.1
Project("{9A19103F-16F7-4668-BE54-9A1E7A4F7556}") = "POS", "..\Rajendra.Extensions\POS\POS.csproj", "{965C8F22-EA2B-4B53-AFD3-3F001C7BAD52}"
EndProject
Project("{9A19103F-16F7-4668-BE54-9A1E7A4F7556}") = "ChannelDatabase", "..\Rajendra.Extensions\ChannelDatabase\ChannelDatabase.csproj", "{34005660-96A0-448C-9E6F-E7328BB046A7}"
EndProject
Project("{9A19103F-16F7-4668-BE54-9A1E7A4F7556}") = "Runtime.Extension.StoreHours", "..\Rajendra.Extensions\CommerceRuntime\Runtime.Extension.StoreHours\Runtime.Extension.StoreHours.csproj", "{56A34F49-2B0C-4025-8074-1DCA049E1F1A}"
EndProject
Project("{9A19103F-16F7-4668-BE54-9A1E7A4F7556}") = "Rajendra.ScaleUnit.Installer", "..\Rajendra.ScaleUnit\Rajendra.ScaleUnit.Installer\Rajendra.ScaleUnit.Installer.csproj", "{ABC2A504-1963-4999-97B8-58F540185666}"
EndProject
Global
	GlobalSection(SolutionConfigurationPlatforms) = preSolution
		Debug|Any CPU = Debug|Any CPU
		Release|Any CPU = Release|Any CPU
	EndGlobalSection
	GlobalSection(ProjectConfigurationPlatforms) = postSolution
		{965C8F22-EA2B-4B53-AFD3-3F001C7BAD52}.Debug|Any CPU.ActiveCfg = Debug|Any CPU
		{965C8F22-EA2B-4B53-AFD3-3F001C7BAD52}.Debug|Any CPU.Build.0 = Debug|Any CPU
		{965C8F22-EA2B-4B53-AFD3-3F001C7BAD52}.Release|Any CPU.ActiveCfg = Release|Any CPU
		{965C8F22-EA2B-4B53-AFD3-3F001C7BAD52}.Release|Any CPU.Build.0 = Release|Any CPU
		{34005660-96A0-448C-9E6F-E7328BB046A7}.Debug|Any CPU.ActiveCfg = Debug|Any CPU
		{34005660-96A0-448C-9E6F-E7328BB046A7}.Debug|Any CPU.Build.0 = Debug|Any CPU
		{34005660-96A0-448C-9E6F-E7328BB046A7}.Release|Any CPU.ActiveCfg = Release|Any CPU
		{34005660-96A0-448C-9E6F-E7328BB046A7}.Release|Any CPU.Build.0 = Release|Any CPU
		{56A34F49-2B0C-4025-8074-1DCA049E1F1A}.Debug|Any CPU.ActiveCfg = Debug|Any CPU
		{56A34F49-2B0C-4025-8074-1DCA049E1F1A}.Debug|Any CPU.Build.0 = Debug|Any CPU
		{56A34F49-2B0C-4025-8074-1DCA049E1F1A}.Release|Any CPU.ActiveCfg = Release|Any CPU
		{56A34F49-2B0C-4025-8074-1DCA049E1F1A}.Release|Any CPU.Build.0 = Release|Any CPU
		{ABC2A504-1963-4999-97B8-58F540185666}.Debug|Any CPU.ActiveCfg = Debug|Any CPU
		{ABC2A504-1963-4999-97B8-58F540185666}.Debug|Any CPU.Build.0 = Debug|Any CPU
		{ABC2A504-1963-4999-97B8-58F540185666}.Release|Any CPU.ActiveCfg = Release|Any CPU
		{ABC2A504-1963-4999-97B8-58F540185666}.Release|Any CPU.Build.0 = Release|Any CPU
	EndGlobalSection
	GlobalSection(SolutionProperties) = preSolution
		HideSolutionNode = FALSE
	EndGlobalSection
	GlobalSection(ExtensibilityGlobals) = postSolution
		SolutionGuid = {975CF5C3-3DD0-48B4-A8A9-381C0F1970E4}
	EndGlobalSection
EndGlobal
